{
  "version": "5",
  "specifiers": {
    "jsr:@kingsword09/nodekit@^0.0.7": "0.0.7",
    "jsr:@std/json@^1.0.2": "1.0.2",
    "jsr:@std/jsonc@^1.0.2": "1.0.2",
    "npm:@types/node@*": "22.12.0",
    "npm:commander@^13.1.0": "13.1.0",
    "npm:quansync@~0.2.10": "0.2.10",
    "npm:tsdown@~0.11.0-beta.2": "0.11.0-beta.2_rolldown@1.0.0-beta.8-commit.852c603__valibot@1.0.0___typescript@5.8.3__typescript@5.8.3_typescript@5.8.3",
    "npm:typescript@^5.8.3": "5.8.3",
    "npm:unconfig@^7.3.2": "7.3.2"
  },
  "jsr": {
    "@kingsword09/nodekit@0.0.7": {
      "integrity": "4cc344c4a28acc75cb14be85bda25db3d4fc388fdc0c1d0c6e2abdefd5315120",
      "dependencies": [
        "jsr:@std/jsonc",
        "npm:quansync"
      ]
    },
    "@std/json@1.0.2": {
      "integrity": "d9e5497801c15fb679f55a2c01c7794ad7a5dfda4dd1bebab5e409cb5e0d34d4"
    },
    "@std/jsonc@1.0.2": {
      "integrity": "909605dae3af22bd75b1cbda8d64a32cf1fd2cf6efa3f9e224aba6d22c0f44c7",
      "dependencies": [
        "jsr:@std/json"
      ]
    }
  },
  "npm": {
    "@babel/generator@7.27.1": {
      "integrity": "sha512-UnJfnIpc/+JO0/+KRVQNGU+y5taA5vCbwN8+azkX6beii/ZF+enZJSOKo11ZSzGJjlNfJHfQtmQT8H+9TXPG2w==",
      "dependencies": [
        "@babel/parser",
        "@babel/types",
        "@jridgewell/gen-mapping",
        "@jridgewell/trace-mapping",
        "jsesc"
      ]
    },
    "@babel/helper-string-parser@7.27.1": {
      "integrity": "sha512-qMlSxKbpRlAridDExk92nSobyDdpPijUq2DW6oDnUqd0iOGxmQjyqhMIihI9+zv4LPyZdRje2cavWPbCbWm3eA=="
    },
    "@babel/helper-validator-identifier@7.27.1": {
      "integrity": "sha512-D2hP9eA+Sqx1kBZgzxZh0y1trbuU+JoDkiEwqhQ36nodYqJwyEIhPSdMNd7lOm/4io72luTPWH20Yda0xOuUow=="
    },
    "@babel/parser@7.27.1": {
      "integrity": "sha512-I0dZ3ZpCrJ1c04OqlNsQcKiZlsrXf/kkE4FXzID9rIOYICsAbA8mMDzhW/luRNAHdCNt7os/u8wenklZDlUVUQ==",
      "dependencies": [
        "@babel/types"
      ],
      "bin": true
    },
    "@babel/types@7.27.1": {
      "integrity": "sha512-+EzkxvLNfiUeKMgy/3luqfsCWFRXLb7U6wNQTk60tovuckwB15B191tJWvpp4HjiQWdJkCxO3Wbvc6jlk3Xb2Q==",
      "dependencies": [
        "@babel/helper-string-parser",
        "@babel/helper-validator-identifier"
      ]
    },
    "@emnapi/core@1.4.3": {
      "integrity": "sha512-4m62DuCE07lw01soJwPiBGC0nAww0Q+RY70VZ+n49yDIO13yyinhbWCeNnaob0lakDtWQzSdtNWzJeOJt2ma+g==",
      "dependencies": [
        "@emnapi/wasi-threads",
        "tslib"
      ]
    },
    "@emnapi/runtime@1.4.3": {
      "integrity": "sha512-pBPWdu6MLKROBX05wSNKcNb++m5Er+KQ9QkB+WVM+pW2Kx9hoSrVTnu3BdkI5eBLZoKu/J6mW/B6i6bJB2ytXQ==",
      "dependencies": [
        "tslib"
      ]
    },
    "@emnapi/wasi-threads@1.0.2": {
      "integrity": "sha512-5n3nTJblwRi8LlXkJ9eBzu+kZR8Yxcc7ubakyQTFzPMtIhFpUBRbsnc2Dv88IZDIbCDlBiWrknhB4Lsz7mg6BA==",
      "dependencies": [
        "tslib"
      ]
    },
    "@jridgewell/gen-mapping@0.3.8": {
      "integrity": "sha512-imAbBGkb+ebQyxKgzv5Hu2nmROxoDOXHh80evxdoXNOrvAnVx7zimzc1Oo5h9RlfV4vPXaE2iM5pOFbvOCClWA==",
      "dependencies": [
        "@jridgewell/set-array",
        "@jridgewell/sourcemap-codec",
        "@jridgewell/trace-mapping"
      ]
    },
    "@jridgewell/resolve-uri@3.1.2": {
      "integrity": "sha512-bRISgCIjP20/tbWSPWMEi54QVPRZExkuD9lJL+UIxUKtwVJA8wW1Trb1jMs1RFXo1CBTNZ/5hpC9QvmKWdopKw=="
    },
    "@jridgewell/set-array@1.2.1": {
      "integrity": "sha512-R8gLRTZeyp03ymzP/6Lil/28tGeGEzhx1q2k703KGWRAI1VdvPIXdG70VJc2pAMw3NA6JKL5hhFu1sJX0Mnn/A=="
    },
    "@jridgewell/sourcemap-codec@1.5.0": {
      "integrity": "sha512-gv3ZRaISU3fjPAgNsriBRqGWQL6quFx04YMPW/zD8XMLsU32mhCCbfbO6KZFLjvYpCZ8zyDEgqsgf+PwPaM7GQ=="
    },
    "@jridgewell/trace-mapping@0.3.25": {
      "integrity": "sha512-vNk6aEwybGtawWmy/PzwnGDOjCkLWSD2wqvjGGAgOAwCGWySYXfYoxt00IJkTF+8Lb57DwOb3Aa0o9CApepiYQ==",
      "dependencies": [
        "@jridgewell/resolve-uri",
        "@jridgewell/sourcemap-codec"
      ]
    },
    "@napi-rs/wasm-runtime@0.2.9": {
      "integrity": "sha512-OKRBiajrrxB9ATokgEQoG87Z25c67pCpYcCwmXYX8PBftC9pBfN18gnm/fh1wurSLEKIAt+QRFLFCQISrb66Jg==",
      "dependencies": [
        "@emnapi/core",
        "@emnapi/runtime",
        "@tybys/wasm-util"
      ]
    },
    "@oxc-project/types@0.67.0": {
      "integrity": "sha512-AI7inoYvnVro7b8S2Z+Fxi295xQvNKLP1CM/xzx5il4R3aiGgnFt9qiXaRo9vIutataX8AjHcaPnOsjdcItU0w=="
    },
    "@oxc-resolver/binding-darwin-arm64@6.0.2": {
      "integrity": "sha512-86IUnBOHrCQknSOGseG5vzzHCaPyPQK4VH4QGFo/Hcd7XloSwTj2oI2ia6+2/9wFNg5ysb9y6/IO+c4XJGGBew==",
      "os": ["darwin"],
      "cpu": ["arm64"]
    },
    "@oxc-resolver/binding-darwin-x64@6.0.2": {
      "integrity": "sha512-KHKUg2Tyz3W1Dugp1mDkUXv0P3+0jyiFHxBER/R/DxKh39XkOk2meTZ3dIc0ysM/0rEFW7H0rmIh5eGyv+0l5w==",
      "os": ["darwin"],
      "cpu": ["x64"]
    },
    "@oxc-resolver/binding-freebsd-x64@6.0.2": {
      "integrity": "sha512-Sz2GF9ndHcnWbLq+uGeryJSh06NKqZHnPtwxugOQyeG9gkEDKc+UxG4ngWyxeBO0ZcGoeCQgYnngm1LFgjVLXA==",
      "os": ["freebsd"],
      "cpu": ["x64"]
    },
    "@oxc-resolver/binding-linux-arm-gnueabihf@6.0.2": {
      "integrity": "sha512-Gq8Jbxru9HS6gv8g7FU6ednkHzH+9yTle5xJyNxuMUYFXkrUuvYBzS1Fysf6BUxlbLwMhVBMBZILhO+HYabdbg==",
      "os": ["linux"],
      "cpu": ["arm"]
    },
    "@oxc-resolver/binding-linux-arm64-gnu@6.0.2": {
      "integrity": "sha512-5YAv/XmkiZVAnSMIQ+y+0mq43yuJsGwmqOtj3feYPykBeHl3nu0Jje1Ql9pRWmTp9hJr21Ln/tVl1ee4bazlAg==",
      "os": ["linux"],
      "cpu": ["arm64"]
    },
    "@oxc-resolver/binding-linux-arm64-musl@6.0.2": {
      "integrity": "sha512-zei0sV43KJCODjEyHG2XTeMTyg7Dz+Or3847XIOnq1g+UdcS4WKe2ilLgOmGWO1xE1YImU9cPr9lfSCnGbnbEg==",
      "os": ["linux"],
      "cpu": ["arm64"]
    },
    "@oxc-resolver/binding-linux-riscv64-gnu@6.0.2": {
      "integrity": "sha512-z/uHEcgx4AZBq19JLHBNrGSNpKdnQg7GxNEJdKwLNnEDXk6jyV4+aPFACtPGS93aCuSRmwFuGyA5MzKgPcxf3g==",
      "os": ["linux"],
      "cpu": ["riscv64"]
    },
    "@oxc-resolver/binding-linux-s390x-gnu@6.0.2": {
      "integrity": "sha512-2qIGQcjYwose7G+sW9NCLNXhGocnsBP5sQzghrUV6BkoNR4i77B4YHyCZA7DgPzbJAC9SJivfZOD35flaqF1Vg==",
      "os": ["linux"],
      "cpu": ["s390x"]
    },
    "@oxc-resolver/binding-linux-x64-gnu@6.0.2": {
      "integrity": "sha512-c0VSjaGXa//deVhBGx2bd4dgAv3ietmPKQOuLyV0x7qsBJnGtytRLytljdLicBkPVUSBj5nvgLYJvUyXwoeYJw==",
      "os": ["linux"],
      "cpu": ["x64"]
    },
    "@oxc-resolver/binding-linux-x64-musl@6.0.2": {
      "integrity": "sha512-j6qVZY0WMFcgPlT0iROlbowahY+XcX6sTcoSp7UubiXWo0QHwO8SgJuqe4bX25cH7NOiYvEHj+shALY73ad0Uw==",
      "os": ["linux"],
      "cpu": ["x64"]
    },
    "@oxc-resolver/binding-wasm32-wasi@6.0.2": {
      "integrity": "sha512-ptlIqfqyBzPEnvP7moGQzYOKRmqbyNyRg+Q2sqU/sqfC4hAkceBQFuzCYwWSb1zOu2Z7rvhx/8ducR6c4+2qtw==",
      "dependencies": [
        "@napi-rs/wasm-runtime"
      ],
      "cpu": ["wasm32"]
    },
    "@oxc-resolver/binding-win32-arm64-msvc@6.0.2": {
      "integrity": "sha512-w53d0B4PqbpWejFroeTCMwsE+E2k0KxzwTo2OReKdP0zU0pSTkvi/S3EGsUDLfVyQzGSgtIs12AsSLtJDmUMvg==",
      "os": ["win32"],
      "cpu": ["arm64"]
    },
    "@oxc-resolver/binding-win32-x64-msvc@6.0.2": {
      "integrity": "sha512-VCsWMFEmJJqkasuZC7TngxensVGZ0cDX5xqYigs7SCzM0kNH1Um+Ke+O3U1raHzwUiIdJzevpZCwmaFjE3TItg==",
      "os": ["win32"],
      "cpu": ["x64"]
    },
    "@oxc-transform/binding-darwin-arm64@0.67.0": {
      "integrity": "sha512-P3zBMhpOQceNSys3/ZqvrjuRvcIbVzfGFN/tH34HlVkOjOmfGK1mOWjORsGAZtbgh1muXrF6mQETLzFjfYndXQ==",
      "os": ["darwin"],
      "cpu": ["arm64"]
    },
    "@oxc-transform/binding-darwin-x64@0.67.0": {
      "integrity": "sha512-B52aeo/C3spYHcwFQ4nAbDkwbMKf0K6ncWM8GrVUgGu8PPECLBhjPCW11kPW/lt9FxwrdgVYVzPYlZ6wmJmpEA==",
      "os": ["darwin"],
      "cpu": ["x64"]
    },
    "@oxc-transform/binding-linux-arm-gnueabihf@0.67.0": {
      "integrity": "sha512-5Ir1eQrC9lvj/rR1TJVGwOR4yLgXTLmfKHIfpVH7GGSQrzK7VMUfHWX+dAsX1VutaeE8puXIqtYvf9cHLw78dw==",
      "os": ["linux"],
      "cpu": ["arm"]
    },
    "@oxc-transform/binding-linux-arm64-gnu@0.67.0": {
      "integrity": "sha512-zTqfPET5+hZfJ3/dMqJboKxrpXMXk+j2HVdvX0wVhW2MI7n7hwELl+In6Yu20nXuEyJkNQlWHbNPCUfpM+cBWw==",
      "os": ["linux"],
      "cpu": ["arm64"]
    },
    "@oxc-transform/binding-linux-arm64-musl@0.67.0": {
      "integrity": "sha512-jzz/ATUhZ8wetb4gm5GwzheZns3Qj1CZ+DIMmD8nBxQXszmTS/fqnAPpgzruyLqkXBUuUfF3pHv5f/UmuHReuQ==",
      "os": ["linux"],
      "cpu": ["arm64"]
    },
    "@oxc-transform/binding-linux-x64-gnu@0.67.0": {
      "integrity": "sha512-Qy2+tfglJ8yX6guC1EDAnuuzRZIXciXO9UwOewxyiahLxwuTpj/wvvZN3Cb1SA3c14zrwb2TNMZvaXS1/OS5Pg==",
      "os": ["linux"],
      "cpu": ["x64"]
    },
    "@oxc-transform/binding-linux-x64-musl@0.67.0": {
      "integrity": "sha512-tHoYgDIRhgvh+/wIrzAk3cUoj/LSSoJAdsZW9XRlaixFW/TF2puxRyaS1hRco0bcKTwotXl/eDYqZmhIfUyGRQ==",
      "os": ["linux"],
      "cpu": ["x64"]
    },
    "@oxc-transform/binding-wasm32-wasi@0.67.0": {
      "integrity": "sha512-ZPT+1HECf7WUnotodIuS8tvSkwaiCdC2DDw8HVRmlerbS6iPYIPKyBCvkSM4RyUx0kljZtB9AciLCkEbwy5/zA==",
      "dependencies": [
        "@napi-rs/wasm-runtime"
      ],
      "cpu": ["wasm32"]
    },
    "@oxc-transform/binding-win32-arm64-msvc@0.67.0": {
      "integrity": "sha512-+E3lOHCk4EuIk6IjshBAARknAUpgH+gHTtZxCPqK4AWYA+Tls2J6C0FVM48uZ4m3rZpAq8ZszM9JZVAkOaynBQ==",
      "os": ["win32"],
      "cpu": ["arm64"]
    },
    "@oxc-transform/binding-win32-x64-msvc@0.67.0": {
      "integrity": "sha512-3pIIFb9g5aFrAODTQVJYitq+ONHgDJ4IYk/7pk+jsG6JpKUkURd0auUlxvriO11fFit5hdwy+wIbU4kBvyRUkg==",
      "os": ["win32"],
      "cpu": ["x64"]
    },
    "@quansync/fs@0.1.2": {
      "integrity": "sha512-ezIadUb1aFhwJLd++WVqVpi9rnlX8vnd4ju7saPhwLHJN1mJgOv0puePTGV+FbtSnWtwoHDT8lAm4kagDZmpCg==",
      "dependencies": [
        "quansync"
      ]
    },
    "@rolldown/binding-darwin-arm64@1.0.0-beta.8-commit.852c603": {
      "integrity": "sha512-V0zbNPcyRVZFUUtCiJxXMuOYriszcgzc5wW5DUA5mHDlM0gDc1snsLzM245q5fGlSLmq+Rgerkclv0ZEjgHwDw==",
      "os": ["darwin"],
      "cpu": ["arm64"]
    },
    "@rolldown/binding-darwin-x64@1.0.0-beta.8-commit.852c603": {
      "integrity": "sha512-7RXXJo0U52YocMH/Bv829U3ZCXIL/+HhXme165HHflpg2flTk8dkk65Ft1lOtV80JNmUFwgfHYhvWeKz8j7qWQ==",
      "os": ["darwin"],
      "cpu": ["x64"]
    },
    "@rolldown/binding-freebsd-x64@1.0.0-beta.8-commit.852c603": {
      "integrity": "sha512-vQUshBpPMdvQUfERsyjo1iNcV7wwU65mKoCwlX0e2YFI9zqyxq+fOKUEGEVrxpz4dm0kmQ5/rPdDPZQ6TcodUA==",
      "os": ["freebsd"],
      "cpu": ["x64"]
    },
    "@rolldown/binding-linux-arm-gnueabihf@1.0.0-beta.8-commit.852c603": {
      "integrity": "sha512-MIeNUPb7qHB/X2Lh76Rk5cxXi0O0Cc3hRGPg8Mzwxkr5Ox5fbsJjjPHNE4g3es4VEt1NEjpZmo7XFyi1Szfbww==",
      "os": ["linux"],
      "cpu": ["arm"]
    },
    "@rolldown/binding-linux-arm64-gnu@1.0.0-beta.8-commit.852c603": {
      "integrity": "sha512-f9fNXp+yROAAC49aqAeSXMFcoqNlwIsmO5Spsp2ifdFb7XWSnD1EodoCC7xIjjswMvYKnHqfQbr6dP297kN2uw==",
      "os": ["linux"],
      "cpu": ["arm64"]
    },
    "@rolldown/binding-linux-arm64-musl@1.0.0-beta.8-commit.852c603": {
      "integrity": "sha512-08FSjitC8i7WWBI1DXacfhKZZ/TzjDg5uWi53aeppVWc2oT/x0TdlNVam9coU1Xs4ra6/pMe7wGroYWh/j4Lsg==",
      "os": ["linux"],
      "cpu": ["arm64"]
    },
    "@rolldown/binding-linux-x64-gnu@1.0.0-beta.8-commit.852c603": {
      "integrity": "sha512-NqoANlbIhYAR8ZnF8v1d8Kw8tsd0ObpVEqNxhELqcV5HKXTtlN9uwMNWWH2G953Yj3sqTdQZWVenwr7e/YchgA==",
      "os": ["linux"],
      "cpu": ["x64"]
    },
    "@rolldown/binding-linux-x64-musl@1.0.0-beta.8-commit.852c603": {
      "integrity": "sha512-ikpkqqurJsC1ijpY7vRP+qrg+7zP0JbpoMma5PyptfGeK7MQ0hhMUNr/NzMMrI11KJjkpRYJEyJ880pFknj0tQ==",
      "os": ["linux"],
      "cpu": ["x64"]
    },
    "@rolldown/binding-wasm32-wasi@1.0.0-beta.8-commit.852c603": {
      "integrity": "sha512-IwMWmxkI/I60iC6M7kIhyv7X1nx61JaaeseNHARXmU3ds0d0+Sck6YuJQH8o8I3AUzWGhltOcnUHwX97qG+KgA==",
      "dependencies": [
        "@napi-rs/wasm-runtime"
      ],
      "cpu": ["wasm32"]
    },
    "@rolldown/binding-win32-arm64-msvc@1.0.0-beta.8-commit.852c603": {
      "integrity": "sha512-mgHMApQ9Ygfd70I4tmlENrdf6kot/T1UTA//Z9R3/xbXiPXwVjdw/BnTe+7AXG9t0QHXsocNx/47dj48BDuqOQ==",
      "os": ["win32"],
      "cpu": ["arm64"]
    },
    "@rolldown/binding-win32-ia32-msvc@1.0.0-beta.8-commit.852c603": {
      "integrity": "sha512-pvv3FLLx2Mw2BL+YSAJeE+DNDjpRgk7oCsqf28e3sr7+zfv+VnOMxHHkJTjFzl3R8BA58OMG3C4J7Fv1SVkqbQ==",
      "os": ["win32"],
      "cpu": ["ia32"]
    },
    "@rolldown/binding-win32-x64-msvc@1.0.0-beta.8-commit.852c603": {
      "integrity": "sha512-4gv06TqlMp3IArfyznTOWopMY1ZBZLkE4QZKY+BnxPh8NuDngXrBoQeOauW6w0ZN/8cuTYqX03N+3Hu7t3dNGw==",
      "os": ["win32"],
      "cpu": ["x64"]
    },
    "@tybys/wasm-util@0.9.0": {
      "integrity": "sha512-6+7nlbMVX/PVDCwaIQ8nTOPveOcFLSt8GcXdx8hD0bt39uWxYT88uXzqTd4fTvqta7oeUJqudepapKNt2DYJFw==",
      "dependencies": [
        "tslib"
      ]
    },
    "@types/node@22.12.0": {
      "integrity": "sha512-Fll2FZ1riMjNmlmJOdAyY5pUbkftXslB5DgEzlIuNaiWhXd00FhWxVC/r4yV/4wBb9JfImTu+jiSvXTkJ7F/gA==",
      "dependencies": [
        "undici-types"
      ]
    },
    "@valibot/to-json-schema@1.0.0_valibot@1.0.0__typescript@5.8.3_typescript@5.8.3": {
      "integrity": "sha512-/9crJgPptVsGCL6X+JPDQyaJwkalSZ/52WuF8DiRUxJgcmpNdzYRfZ+gqMEP8W3CTVfuMWPqqvIgfwJ97f9Etw==",
      "dependencies": [
        "valibot"
      ]
    },
    "ansis@3.17.0": {
      "integrity": "sha512-0qWUglt9JEqLFr3w1I1pbrChn1grhaiAR2ocX1PP/flRmxgtwTzPFFFnfIlD6aMOLQZgSuCRlidD70lvx8yhzg=="
    },
    "ast-kit@1.4.3": {
      "integrity": "sha512-MdJqjpodkS5J149zN0Po+HPshkTdUyrvF7CKTafUgv69vBSPtncrj+3IiUgqdd7ElIEkbeXCsEouBUwLrw9Ilg==",
      "dependencies": [
        "@babel/parser",
        "pathe"
      ]
    },
    "cac@6.7.14": {
      "integrity": "sha512-b6Ilus+c3RrdDk+JhLKUAQfzzgLEPy6wcXqS7f/xe1EETvsDP6GORG7SFuOs6cID5YkqchW/LXZbX5bc8j7ZcQ=="
    },
    "chokidar@4.0.3": {
      "integrity": "sha512-Qgzu8kfBvo+cA4962jnP1KkS6Dop5NS6g7R5LFYJr4b8Ub94PPQXUksCw9PvXoeXPRRddRNC5C1JQUR2SMGtnA==",
      "dependencies": [
        "readdirp"
      ]
    },
    "commander@13.1.0": {
      "integrity": "sha512-/rFeCpNJQbhSZjGVwO9RFV3xPqbnERS8MmIQzCtD/zl6gpJuV/bMLuN92oG3F7d8oDEHHRrujSXNUr8fpjntKw=="
    },
    "debug@4.4.0": {
      "integrity": "sha512-6WTZ/IxCY/T6BALoZHaE4ctp9xm+Z5kY/pzYaCHRFeyVhojxlrm+46y68HA6hr0TcwEssoxNiDEUJQjfPZ/RYA==",
      "dependencies": [
        "ms"
      ]
    },
    "defu@6.1.4": {
      "integrity": "sha512-mEQCMmwJu317oSz8CwdIOdwf3xMif1ttiM8LTufzc3g6kR+9Pe236twL8j3IYT1F7GfRgGcW6MWxzZjLIkuHIg=="
    },
    "diff@7.0.0": {
      "integrity": "sha512-PJWHUb1RFevKCwaFA9RlG5tCd+FO5iRh9A8HEtkmBH2Li03iJriB6m6JIN4rGz3K3JLawI7/veA1xzRKP6ISBw=="
    },
    "dts-resolver@1.0.1": {
      "integrity": "sha512-t+NRUvrugV5KfFibjlCmIWT1OBnCoPbl8xvxISGIlJy76IvNXwgTWo2FywUuJTBc6yyUWde9PORHqczyP1GTIA==",
      "dependencies": [
        "oxc-resolver",
        "pathe"
      ]
    },
    "empathic@1.1.0": {
      "integrity": "sha512-rsPft6CK3eHtrlp9Y5ALBb+hfK+DWnA4WFebbazxjWyx8vSm3rZeoM3z9irsjcqO3PYRzlfv27XIB4tz2DV7RA=="
    },
    "fdir@6.4.4_picomatch@4.0.2": {
      "integrity": "sha512-1NZP+GK4GfuAv3PqKvxQRDMjdSRZjnkq7KfhlNrCNNlZ0ygQFpebfrnfnq/W7fpUnAv9aGWmY1zKx7FYL3gwhg==",
      "dependencies": [
        "picomatch"
      ],
      "optionalPeers": [
        "picomatch"
      ]
    },
    "get-tsconfig@4.10.0": {
      "integrity": "sha512-kGzZ3LWWQcGIAmg6iWvXn0ei6WDtV26wzHRMwDSzmAbcXrTEXxHy6IehI6/4eT6VRKyMP1eF1VqwrVUmE/LR7A==",
      "dependencies": [
        "resolve-pkg-maps"
      ]
    },
    "hookable@5.5.3": {
      "integrity": "sha512-Yc+BQe8SvoXH1643Qez1zqLRmbA5rCL+sSmk6TVos0LWVfNIB7PGncdlId77WzLGSIB5KaWgTaNTs2lNVEI6VQ=="
    },
    "jiti@2.4.2": {
      "integrity": "sha512-rg9zJN+G4n2nfJl5MW3BMygZX56zKPNVEYYqq7adpmMh4Jn2QNEwhvQlFy6jPVdcod7txZtKHWnyZiA3a0zP7A==",
      "bin": true
    },
    "jsesc@3.1.0": {
      "integrity": "sha512-/sM3dO2FOzXjKQhJuo0Q173wf2KOo8t4I8vHy6lF9poUp7bKT0/NHE8fPX23PwfhnykfqnC2xRxOnVw5XuGIaA==",
      "bin": true
    },
    "ms@2.1.3": {
      "integrity": "sha512-6FlzubTLZG3J2a/NVCAleEhjzq5oxgHyaCU9yYXvcLsvoVaHJq/s5xXI6/XXP6tz7R9xAOtHnSO/tXtF3WRTlA=="
    },
    "oxc-resolver@6.0.2": {
      "integrity": "sha512-iO4XRuD6GzQpxGCIiW9bjVpIUPVETeH7vnhB0xQpXEq0mal67K3vrTlyB64imPCNV9iwpIjJM5W++ZlgCXII6A==",
      "optionalDependencies": [
        "@oxc-resolver/binding-darwin-arm64",
        "@oxc-resolver/binding-darwin-x64",
        "@oxc-resolver/binding-freebsd-x64",
        "@oxc-resolver/binding-linux-arm-gnueabihf",
        "@oxc-resolver/binding-linux-arm64-gnu",
        "@oxc-resolver/binding-linux-arm64-musl",
        "@oxc-resolver/binding-linux-riscv64-gnu",
        "@oxc-resolver/binding-linux-s390x-gnu",
        "@oxc-resolver/binding-linux-x64-gnu",
        "@oxc-resolver/binding-linux-x64-musl",
        "@oxc-resolver/binding-wasm32-wasi",
        "@oxc-resolver/binding-win32-arm64-msvc",
        "@oxc-resolver/binding-win32-x64-msvc"
      ]
    },
    "oxc-transform@0.67.0": {
      "integrity": "sha512-QXwmpLfNrXZoHgIjEtDEf6lhwmvHouNtstNgg/UveczVIjo8VSzd5h25Ea96PoX9KzReJUY/qYa4QSNkJpZGfA==",
      "optionalDependencies": [
        "@oxc-transform/binding-darwin-arm64",
        "@oxc-transform/binding-darwin-x64",
        "@oxc-transform/binding-linux-arm-gnueabihf",
        "@oxc-transform/binding-linux-arm64-gnu",
        "@oxc-transform/binding-linux-arm64-musl",
        "@oxc-transform/binding-linux-x64-gnu",
        "@oxc-transform/binding-linux-x64-musl",
        "@oxc-transform/binding-wasm32-wasi",
        "@oxc-transform/binding-win32-arm64-msvc",
        "@oxc-transform/binding-win32-x64-msvc"
      ]
    },
    "pathe@2.0.3": {
      "integrity": "sha512-WUjGcAqP1gQacoQe+OBJsFA7Ld4DyXuUIjZ5cc75cLHvJ7dtNsTugphxIADwspS+AraAUePCKrSVtPLFj/F88w=="
    },
    "picomatch@4.0.2": {
      "integrity": "sha512-M7BAV6Rlcy5u+m6oPhAPFgJTzAioX/6B0DxyvDlo9l8+T3nLKbrczg2WLUyzd45L8RqfUMyGPzekbMvX2Ldkwg=="
    },
    "quansync@0.2.10": {
      "integrity": "sha512-t41VRkMYbkHyCYmOvx/6URnN80H7k4X0lLdBMGsz+maAwrJQYB1djpV6vHrQIBE0WBSGqhtEHrK9U3DWWH8v7A=="
    },
    "readdirp@4.1.2": {
      "integrity": "sha512-GDhwkLfywWL2s6vEjyhri+eXmfH6j1L7JE27WhqLeYzoh/A3DBaYGEj2H/HFZCn/kMfim73FXxEJTw06WtxQwg=="
    },
    "resolve-pkg-maps@1.0.0": {
      "integrity": "sha512-seS2Tj26TBVOC2NIc2rOe2y2ZO7efxITtLZcGSOnHHNOQ7CkiUBfw0Iw2ck6xkIhPwLhKNLS8BO+hEpngQlqzw=="
    },
    "rolldown-plugin-dts@0.9.11_rolldown@1.0.0-beta.8-commit.852c603__valibot@1.0.0___typescript@5.8.3__typescript@5.8.3_typescript@5.8.3": {
      "integrity": "sha512-iCIRKmvPLwRV4UKSxhaBo+5wDkvc3+MFiqYYvu7sGLSohzxoDn9WEsjN3y7A6xg3aCuxHh6rlRp8xbX98r1rSg==",
      "dependencies": [
        "@babel/generator",
        "@babel/parser",
        "@babel/types",
        "ast-kit",
        "debug",
        "dts-resolver",
        "get-tsconfig",
        "oxc-transform",
        "rolldown",
        "typescript"
      ],
      "optionalPeers": [
        "typescript"
      ]
    },
    "rolldown@1.0.0-beta.8-commit.852c603_valibot@1.0.0__typescript@5.8.3_typescript@5.8.3": {
      "integrity": "sha512-5sq8IPiJ8q/IlL084zf8fPhflsdNrKE7gwXma7m820u8oQtkAEmhb8cmHw6jztlidgOe3hpUIm55HevPmVRelQ==",
      "dependencies": [
        "@oxc-project/types",
        "@valibot/to-json-schema",
        "ansis",
        "valibot"
      ],
      "optionalDependencies": [
        "@rolldown/binding-darwin-arm64",
        "@rolldown/binding-darwin-x64",
        "@rolldown/binding-freebsd-x64",
        "@rolldown/binding-linux-arm-gnueabihf",
        "@rolldown/binding-linux-arm64-gnu",
        "@rolldown/binding-linux-arm64-musl",
        "@rolldown/binding-linux-x64-gnu",
        "@rolldown/binding-linux-x64-musl",
        "@rolldown/binding-wasm32-wasi",
        "@rolldown/binding-win32-arm64-msvc",
        "@rolldown/binding-win32-ia32-msvc",
        "@rolldown/binding-win32-x64-msvc"
      ],
      "bin": true
    },
    "semver@7.7.1": {
      "integrity": "sha512-hlq8tAfn0m/61p4BVRcPzIGr6LKiMwo4VM6dGi6pt4qcRkmNzTcWq6eCEjEh+qXjkMDvPlOFFSGwQjoEa6gyMA==",
      "bin": true
    },
    "tinyexec@1.0.1": {
      "integrity": "sha512-5uC6DDlmeqiOwCPmK9jMSdOuZTh8bU39Ys6yidB+UTt5hfZUPGAypSgFRiEp+jbi9qH40BLDvy85jIU88wKSqw=="
    },
    "tinyglobby@0.2.13_picomatch@4.0.2": {
      "integrity": "sha512-mEwzpUgrLySlveBwEVDMKk5B57bhLPYovRfPAXD5gA/98Opn0rCDj3GtLwFvCvH5RK9uPCExUROW5NjDwvqkxw==",
      "dependencies": [
        "fdir",
        "picomatch"
      ]
    },
    "tsdown@0.11.0-beta.2_rolldown@1.0.0-beta.8-commit.852c603__valibot@1.0.0___typescript@5.8.3__typescript@5.8.3_typescript@5.8.3": {
      "integrity": "sha512-J+eISdXlg0K52tMhtl6figRWkjFUO7FjdFYTOYWGtjYbMq8qTYSxGDTrdplporrg8nkMaFp7Y0mwBCbrlKvvMw==",
      "dependencies": [
        "ansis",
        "cac",
        "chokidar",
        "debug",
        "diff",
        "empathic",
        "hookable",
        "rolldown",
        "rolldown-plugin-dts",
        "semver",
        "tinyexec",
        "tinyglobby",
        "unconfig"
      ],
      "bin": true
    },
    "tslib@2.8.1": {
      "integrity": "sha512-oJFu94HQb+KVduSUQL7wnpmqnfmLsOA/nAh6b6EH0wCEoK0/mPeXU6c3wKDV83MkOuHPRHtSXKKU99IBazS/2w=="
    },
    "typescript@5.8.3": {
      "integrity": "sha512-p1diW6TqL9L07nNxvRMM7hMMw4c5XOo/1ibL4aAIGmSAt9slTE1Xgw5KWuof2uTOvCg9BY7ZRi+GaF+7sfgPeQ==",
      "bin": true
    },
    "unconfig@7.3.2": {
      "integrity": "sha512-nqG5NNL2wFVGZ0NA/aCFw0oJ2pxSf1lwg4Z5ill8wd7K4KX/rQbHlwbh+bjctXL5Ly1xtzHenHGOK0b+lG6JVg==",
      "dependencies": [
        "@quansync/fs",
        "defu",
        "jiti",
        "quansync"
      ]
    },
    "undici-types@6.20.0": {
      "integrity": "sha512-Ny6QZ2Nju20vw1SRHe3d9jVu6gJ+4e3+MMpqu7pqE5HT6WsTSlce++GQmK5UXS8mzV8DSYHrQH+Xrf2jVcuKNg=="
    },
    "valibot@1.0.0_typescript@5.8.3": {
      "integrity": "sha512-1Hc0ihzWxBar6NGeZv7fPLY0QuxFMyxwYR2sF1Blu7Wq7EnremwY2W02tit2ij2VJT8HcSkHAQqmFfl77f73Yw==",
      "dependencies": [
        "typescript"
      ],
      "optionalPeers": [
        "typescript"
      ]
    }
  },
  "workspace": {
    "dependencies": [
      "jsr:@kingsword09/nodekit@^0.0.7",
      "npm:commander@^13.1.0",
      "npm:tsdown@~0.11.0-beta.2",
      "npm:typescript@^5.8.3",
      "npm:unconfig@^7.3.2"
    ]
  }
}
